{
  "name": "vglab2021",
  "version": "0.0.0",
  "lockfileVersion": 1,
  "requires": true,
  "dependencies": {
    "@babel/runtime": {
      "version": "7.16.0",
      "resolved": "https://registry.npmjs.org/@babel/runtime/-/runtime-7.16.0.tgz",
      "integrity": "sha512-Nht8L0O8YCktmsDV6FqFue7vQLRx3Hb0B37lS5y0jDRqRxlBG4wIJHnf9/bgSE2UyipKFA01YtS+npRdTWBUyw==",
      "requires": {
        "regenerator-runtime": "^0.13.4"
      }
    },
    "@tonaljs/abc-notation": {
      "version": "4.6.5",
      "resolved": "https://registry.npmjs.org/@tonaljs/abc-notation/-/abc-notation-4.6.5.tgz",
      "integrity": "sha512-1S0Jnx0NfDLgyhkQOMEHqOacELL6RUdPcWWUP+nAnsOsb9owvB9RKYLSzp5odd16FVUR7U8c/JLc2yxIRvSeJw==",
      "requires": {
        "@tonaljs/core": "^4.6.5"
      }
    },
    "@tonaljs/array": {
      "version": "4.6.5",
      "resolved": "https://registry.npmjs.org/@tonaljs/array/-/array-4.6.5.tgz",
      "integrity": "sha512-7A3DbBQ+qIQ134FqE518b4tJ8V2a15Sn303JjHzgnqZqKrNh/s3wqwkL60F7LKcd09tcp+vIKQP/MYt4xMcRAA==",
      "requires": {
        "@tonaljs/core": "^4.6.5"
      }
    },
    "@tonaljs/chord": {
      "version": "4.6.5",
      "resolved": "https://registry.npmjs.org/@tonaljs/chord/-/chord-4.6.5.tgz",
      "integrity": "sha512-Pjdel4aDVv4kcx9PW6Qozt5BB9nAt13AOExfzKztpgPmlBSy0SKHse7Jp1cA4MGAuLHU8dzVssTFYpCskEFw3w==",
      "requires": {
        "@tonaljs/chord-detect": "^4.6.5",
        "@tonaljs/chord-type": "^4.6.5",
        "@tonaljs/collection": "^4.6.2",
        "@tonaljs/core": "^4.6.5",
        "@tonaljs/pcset": "^4.6.5",
        "@tonaljs/scale-type": "^4.6.5"
      }
    },
    "@tonaljs/chord-detect": {
      "version": "4.6.5",
      "resolved": "https://registry.npmjs.org/@tonaljs/chord-detect/-/chord-detect-4.6.5.tgz",
      "integrity": "sha512-4xu53UP4kNTfdTNpAAVijhXcQ+ypJqmeMnsST08ZXSjoYfJUhmf5rWDWfz36KOTtNdCA6AbYgdtTYV/Xw0nd/w==",
      "requires": {
        "@tonaljs/chord-type": "^4.6.5",
        "@tonaljs/core": "^4.6.5",
        "@tonaljs/pcset": "^4.6.5"
      }
    },
    "@tonaljs/chord-type": {
      "version": "4.6.5",
      "resolved": "https://registry.npmjs.org/@tonaljs/chord-type/-/chord-type-4.6.5.tgz",
      "integrity": "sha512-Ol4DDopqpZCF9odosO2i8I+plud3Ul7VWJGNvL+PPCf4Qnwuz87q3aJQDLNoRUz4VyW0u66mq3LyVh6A8kb6Ug==",
      "requires": {
        "@tonaljs/core": "^4.6.5",
        "@tonaljs/pcset": "^4.6.5"
      }
    },
    "@tonaljs/collection": {
      "version": "4.6.2",
      "resolved": "https://registry.npmjs.org/@tonaljs/collection/-/collection-4.6.2.tgz",
      "integrity": "sha512-bfPCotLJNB/tG1NrdbsQPLDKZB5jlMs7uPQ6RYKiNkaena3345ZKkbCGl5pj6YTXeDm/oblXiSbFAn7SlLRZdQ=="
    },
    "@tonaljs/core": {
      "version": "4.6.5",
      "resolved": "https://registry.npmjs.org/@tonaljs/core/-/core-4.6.5.tgz",
      "integrity": "sha512-t7Vx0+L3j/ubQj2AhI1H45D/K745np4DwJjJjXNi5FlGD+TL2wyw50dCwkHKGHsrLDqup1qqP6yN7LBpC6UwNg=="
    },
    "@tonaljs/duration-value": {
      "version": "4.6.2",
      "resolved": "https://registry.npmjs.org/@tonaljs/duration-value/-/duration-value-4.6.2.tgz",
      "integrity": "sha512-zrXT0L/qsDQ6251Mlqz54vcUbYUB9xb6uJhlxUzc6VauXOt8UOfrdTULubRTXTaBwWt1h8J5n9pXTQmNGzNI9A=="
    },
    "@tonaljs/interval": {
      "version": "4.6.5",
      "resolved": "https://registry.npmjs.org/@tonaljs/interval/-/interval-4.6.5.tgz",
      "integrity": "sha512-7EDWhqZ7Nnh9oD4ahRYJHLc799ACGxYL4hDHwMKD16B2MgXqPvDeDvwQ31qUuO0ruGz8tMb3FDlgg0Hplowcbw==",
      "requires": {
        "@tonaljs/core": "^4.6.5"
      }
    },
    "@tonaljs/key": {
      "version": "4.6.5",
      "resolved": "https://registry.npmjs.org/@tonaljs/key/-/key-4.6.5.tgz",
      "integrity": "sha512-ZdZWb5IStx6CLRmdEjawR66CqNpoW3EVUua2nVZBMdgnNebWxt4nvgH/ZNvGlCQGFZkUZzRhCfTwqsS6e3OmSA==",
      "requires": {
        "@tonaljs/core": "^4.6.5",
        "@tonaljs/note": "^4.6.5",
        "@tonaljs/roman-numeral": "^4.6.5"
      }
    },
    "@tonaljs/midi": {
      "version": "4.6.5",
      "resolved": "https://registry.npmjs.org/@tonaljs/midi/-/midi-4.6.5.tgz",
      "integrity": "sha512-fJEZtNvV3M6yW1w+Tep60Rbv5PvuKszQcQzaJS1Loq5mHOKAzdmRfuJSpEpZBiaKEZ1WAMh1QKXYyOd+imyGQg==",
      "requires": {
        "@tonaljs/core": "^4.6.5"
      }
    },
    "@tonaljs/mode": {
      "version": "4.6.5",
      "resolved": "https://registry.npmjs.org/@tonaljs/mode/-/mode-4.6.5.tgz",
      "integrity": "sha512-54iaON1rJ6q8fV5iuei8RGDxYhKBGGxZz3rjAxGSqdTUwBRVOdPqtzOkofThf9gRGYOMhzPp1BMbxbV+UCAPsA==",
      "requires": {
        "@tonaljs/collection": "^4.6.2",
        "@tonaljs/core": "^4.6.5",
        "@tonaljs/interval": "^4.6.5",
        "@tonaljs/pcset": "^4.6.5",
        "@tonaljs/scale-type": "^4.6.5"
      }
    },
    "@tonaljs/note": {
      "version": "4.6.5",
      "resolved": "https://registry.npmjs.org/@tonaljs/note/-/note-4.6.5.tgz",
      "integrity": "sha512-Y0/eTzcReXzfcSLLG4k/dLLayqbvh/XYIkybG/QMDyR0BREuJq0Sw+NavbzhTtO0dadIQb/qfe0GFq4k2xS+NQ==",
      "requires": {
        "@tonaljs/core": "^4.6.5",
        "@tonaljs/midi": "^4.6.5"
      }
    },
    "@tonaljs/pcset": {
      "version": "4.6.5",
      "resolved": "https://registry.npmjs.org/@tonaljs/pcset/-/pcset-4.6.5.tgz",
      "integrity": "sha512-oWAKflP3cREnUfScqsBzg2LLKNevxSnpDtrq8CPtwOAsrAa8PjQG07NQfhqIiFMjPUdgkDiER3qVA1n8dDwAJA==",
      "requires": {
        "@tonaljs/collection": "^4.6.2",
        "@tonaljs/core": "^4.6.5"
      }
    },
    "@tonaljs/progression": {
      "version": "4.6.5",
      "resolved": "https://registry.npmjs.org/@tonaljs/progression/-/progression-4.6.5.tgz",
      "integrity": "sha512-ijYEgMFQG4izHYUw5cRtBRNBuoYzmpGvb/tRiykhJNI6XIjekZEMiMsOMfb1u5q+EGvnVNXRmrluMRDIz2rmRw==",
      "requires": {
        "@tonaljs/chord": "^4.6.5",
        "@tonaljs/core": "^4.6.5",
        "@tonaljs/roman-numeral": "^4.6.5"
      }
    },
    "@tonaljs/range": {
      "version": "4.6.5",
      "resolved": "https://registry.npmjs.org/@tonaljs/range/-/range-4.6.5.tgz",
      "integrity": "sha512-99cOvVJ3l4X0UJuTSa6qE87JriREnnWIsi3xo1/n7RoqFxnfi8YPh4SfJJyysvHcT18X4EfcTNde9ancMBVu6A==",
      "requires": {
        "@tonaljs/collection": "^4.6.2",
        "@tonaljs/midi": "^4.6.5"
      }
    },
    "@tonaljs/roman-numeral": {
      "version": "4.6.5",
      "resolved": "https://registry.npmjs.org/@tonaljs/roman-numeral/-/roman-numeral-4.6.5.tgz",
      "integrity": "sha512-bWYQNZWKmYDDcmbQQNwcWAHfTWanpzmvI0wplrMnGd4x0op5etwUEv+Yzjg0B1ef+E+zcU02Sl0WwRJhaDK3hg==",
      "requires": {
        "@tonaljs/core": "^4.6.5"
      }
    },
    "@tonaljs/scale": {
      "version": "4.6.5",
      "resolved": "https://registry.npmjs.org/@tonaljs/scale/-/scale-4.6.5.tgz",
      "integrity": "sha512-isYDamelOBtcd5bEnJ8QV0Js7jKRwZ0FlFVE/+bUN3wsyo9u6KLL5gMyfH9RKdx74m8lE13JXYTXgKqe+AOa4A==",
      "requires": {
        "@tonaljs/chord-type": "^4.6.5",
        "@tonaljs/collection": "^4.6.2",
        "@tonaljs/core": "^4.6.5",
        "@tonaljs/note": "^4.6.5",
        "@tonaljs/pcset": "^4.6.5",
        "@tonaljs/scale-type": "^4.6.5"
      }
    },
    "@tonaljs/scale-type": {
      "version": "4.6.5",
      "resolved": "https://registry.npmjs.org/@tonaljs/scale-type/-/scale-type-4.6.5.tgz",
      "integrity": "sha512-rwcDOYf2UifjLJhmuQ8f8bJSeOCMDQJ1lB7lzlqdFxes03OeQhdOEfrT0nPtW8BhBEvq4GMM2NA6CLxX8MTwOQ==",
      "requires": {
        "@tonaljs/core": "^4.6.5",
        "@tonaljs/pcset": "^4.6.5"
      }
    },
    "@tonaljs/time-signature": {
      "version": "4.6.2",
      "resolved": "https://registry.npmjs.org/@tonaljs/time-signature/-/time-signature-4.6.2.tgz",
      "integrity": "sha512-OlZY4gdLd21WpMeAI1nS9E9zWcYU6oAzh6ptAUndqmVnFIrIWIWKCkWapdFx8dWdqrX8jqya3m4T33wmeo7w5Q=="
    },
    "@tonaljs/tonal": {
      "version": "4.6.5",
      "resolved": "https://registry.npmjs.org/@tonaljs/tonal/-/tonal-4.6.5.tgz",
      "integrity": "sha512-lmsWinI9dy7nQyzCEgDVeVAwJtsk4ey05cJZd6oa4QVuSFD+CR8ebaEiwT4/Na+W0kHrKicT3h0uYc2PJIvx5Q==",
      "requires": {
        "@tonaljs/abc-notation": "^4.6.5",
        "@tonaljs/array": "^4.6.5",
        "@tonaljs/chord": "^4.6.5",
        "@tonaljs/chord-type": "^4.6.5",
        "@tonaljs/collection": "^4.6.2",
        "@tonaljs/core": "^4.6.5",
        "@tonaljs/duration-value": "^4.6.2",
        "@tonaljs/interval": "^4.6.5",
        "@tonaljs/key": "^4.6.5",
        "@tonaljs/midi": "^4.6.5",
        "@tonaljs/mode": "^4.6.5",
        "@tonaljs/note": "^4.6.5",
        "@tonaljs/pcset": "^4.6.5",
        "@tonaljs/progression": "^4.6.5",
        "@tonaljs/range": "^4.6.5",
        "@tonaljs/roman-numeral": "^4.6.5",
        "@tonaljs/scale": "^4.6.5",
        "@tonaljs/scale-type": "^4.6.5",
        "@tonaljs/time-signature": "^4.6.2"
      }
    },
    "@types/css-font-loading-module": {
      "version": "0.0.6",
      "resolved": "https://registry.npmjs.org/@types/css-font-loading-module/-/css-font-loading-module-0.0.6.tgz",
      "integrity": "sha512-MBvSMSxXFtIukyXRU3HhzL369rIWaqMVQD5kmDCYIFFD6Fe3lJ4c9UnLD02MLdTp7Z6ti7rO3SQtuDo7C80mmw==",
      "dev": true
    },
    "automation-events": {
      "version": "4.0.9",
      "resolved": "https://registry.npmjs.org/automation-events/-/automation-events-4.0.9.tgz",
      "integrity": "sha512-yZqAsWlInMRidswcksttBqHCdHKUZQT4ph1Rphq9pBjHr+t+V9gjBvOV60SXH0vOUqtdDVp1pHmsVaq/+h+ceQ==",
      "requires": {
        "@babel/runtime": "^7.16.0",
        "tslib": "^2.3.1"
      }
    },
    "esbuild": {
      "version": "0.13.12",
      "resolved": "https://registry.npmjs.org/esbuild/-/esbuild-0.13.12.tgz",
      "integrity": "sha512-vTKKUt+yoz61U/BbrnmlG9XIjwpdIxmHB8DlPR0AAW6OdS+nBQBci6LUHU2q9WbBobMEIQxxDpKbkmOGYvxsow==",
      "dev": true,
      "requires": {
        "esbuild-android-arm64": "0.13.12",
        "esbuild-darwin-64": "0.13.12",
        "esbuild-darwin-arm64": "0.13.12",
        "esbuild-freebsd-64": "0.13.12",
        "esbuild-freebsd-arm64": "0.13.12",
        "esbuild-linux-32": "0.13.12",
        "esbuild-linux-64": "0.13.12",
        "esbuild-linux-arm": "0.13.12",
        "esbuild-linux-arm64": "0.13.12",
        "esbuild-linux-mips64le": "0.13.12",
        "esbuild-linux-ppc64le": "0.13.12",
        "esbuild-netbsd-64": "0.13.12",
        "esbuild-openbsd-64": "0.13.12",
        "esbuild-sunos-64": "0.13.12",
        "esbuild-windows-32": "0.13.12",
        "esbuild-windows-64": "0.13.12",
        "esbuild-windows-arm64": "0.13.12"
      }
    },
    "esbuild-android-arm64": {
      "version": "0.13.12",
      "resolved": "https://registry.npmjs.org/esbuild-android-arm64/-/esbuild-android-arm64-0.13.12.tgz",
      "integrity": "sha512-TSVZVrb4EIXz6KaYjXfTzPyyRpXV5zgYIADXtQsIenjZ78myvDGaPi11o4ZSaHIwFHsuwkB6ne5SZRBwAQ7maw==",
      "dev": true,
      "optional": true
    },
    "esbuild-darwin-64": {
      "version": "0.13.12",
      "resolved": "https://registry.npmjs.org/esbuild-darwin-64/-/esbuild-darwin-64-0.13.12.tgz",
      "integrity": "sha512-c51C+N+UHySoV2lgfWSwwmlnLnL0JWj/LzuZt9Ltk9ub1s2Y8cr6SQV5W3mqVH1egUceew6KZ8GyI4nwu+fhsw==",
      "dev": true,
      "optional": true
    },
    "esbuild-darwin-arm64": {
      "version": "0.13.12",
      "resolved": "https://registry.npmjs.org/esbuild-darwin-arm64/-/esbuild-darwin-arm64-0.13.12.tgz",
      "integrity": "sha512-JvAMtshP45Hd8A8wOzjkY1xAnTKTYuP/QUaKp5eUQGX+76GIie3fCdUUr2ZEKdvpSImNqxiZSIMziEiGB5oUmQ==",
      "dev": true,
      "optional": true
    },
    "esbuild-freebsd-64": {
      "version": "0.13.12",
      "resolved": "https://registry.npmjs.org/esbuild-freebsd-64/-/esbuild-freebsd-64-0.13.12.tgz",
      "integrity": "sha512-r6On/Skv9f0ZjTu6PW5o7pdXr8aOgtFOEURJZYf1XAJs0IQ+gW+o1DzXjVkIoT+n1cm3N/t1KRJfX71MPg/ZUA==",
      "dev": true,
      "optional": true
    },
    "esbuild-freebsd-arm64": {
      "version": "0.13.12",
      "resolved": "https://registry.npmjs.org/esbuild-freebsd-arm64/-/esbuild-freebsd-arm64-0.13.12.tgz",
      "integrity": "sha512-F6LmI2Q1gii073kmBE3NOTt/6zLL5zvZsxNLF8PMAwdHc+iBhD1vzfI8uQZMJA1IgXa3ocr3L3DJH9fLGXy6Yw==",
      "dev": true,
      "optional": true
    },
    "esbuild-linux-32": {
      "version": "0.13.12",
      "resolved": "https://registry.npmjs.org/esbuild-linux-32/-/esbuild-linux-32-0.13.12.tgz",
      "integrity": "sha512-U1UZwG3UIwF7/V4tCVAo/nkBV9ag5KJiJTt+gaCmLVWH3bPLX7y+fNlhIWZy8raTMnXhMKfaTvWZ9TtmXzvkuQ==",
      "dev": true,
      "optional": true
    },
    "esbuild-linux-64": {
      "version": "0.13.12",
      "resolved": "https://registry.npmjs.org/esbuild-linux-64/-/esbuild-linux-64-0.13.12.tgz",
      "integrity": "sha512-YpXSwtu2NxN3N4ifJxEdsgd6Q5d8LYqskrAwjmoCT6yQnEHJSF5uWcxv783HWN7lnGpJi9KUtDvYsnMdyGw71Q==",
      "dev": true,
      "optional": true
    },
    "esbuild-linux-arm": {
      "version": "0.13.12",
      "resolved": "https://registry.npmjs.org/esbuild-linux-arm/-/esbuild-linux-arm-0.13.12.tgz",
      "integrity": "sha512-SyiT/JKxU6J+DY2qUiSLZJqCAftIt3uoGejZ0HDnUM2MGJqEGSGh7p1ecVL2gna3PxS4P+j6WAehCwgkBPXNIw==",
      "dev": true,
      "optional": true
    },
    "esbuild-linux-arm64": {
      "version": "0.13.12",
      "resolved": "https://registry.npmjs.org/esbuild-linux-arm64/-/esbuild-linux-arm64-0.13.12.tgz",
      "integrity": "sha512-sgDNb8kb3BVodtAlcFGgwk+43KFCYjnFOaOfJibXnnIojNWuJHpL6aQJ4mumzNWw8Rt1xEtDQyuGK9f+Y24jGA==",
      "dev": true,
      "optional": true
    },
    "esbuild-linux-mips64le": {
      "version": "0.13.12",
      "resolved": "https://registry.npmjs.org/esbuild-linux-mips64le/-/esbuild-linux-mips64le-0.13.12.tgz",
      "integrity": "sha512-qQJHlZBG+QwVIA8AbTEtbvF084QgDi4DaUsUnA+EolY1bxrG+UyOuGflM2ZritGhfS/k7THFjJbjH2wIeoKA2g==",
      "dev": true,
      "optional": true
    },
    "esbuild-linux-ppc64le": {
      "version": "0.13.12",
      "resolved": "https://registry.npmjs.org/esbuild-linux-ppc64le/-/esbuild-linux-ppc64le-0.13.12.tgz",
      "integrity": "sha512-2dSnm1ldL7Lppwlo04CGQUpwNn5hGqXI38OzaoPOkRsBRWFBozyGxTFSee/zHFS+Pdh3b28JJbRK3owrrRgWNw==",
      "dev": true,
      "optional": true
    },
    "esbuild-netbsd-64": {
      "version": "0.13.12",
      "resolved": "https://registry.npmjs.org/esbuild-netbsd-64/-/esbuild-netbsd-64-0.13.12.tgz",
      "integrity": "sha512-D4raxr02dcRiQNbxOLzpqBzcJNFAdsDNxjUbKkDMZBkL54Z0vZh4LRndycdZAMcIdizC/l/Yp/ZsBdAFxc5nbA==",
      "dev": true,
      "optional": true
    },
    "esbuild-openbsd-64": {
      "version": "0.13.12",
      "resolved": "https://registry.npmjs.org/esbuild-openbsd-64/-/esbuild-openbsd-64-0.13.12.tgz",
      "integrity": "sha512-KuLCmYMb2kh05QuPJ+va60bKIH5wHL8ypDkmpy47lzwmdxNsuySeCMHuTv5o2Af1RUn5KLO5ZxaZeq4GEY7DaQ==",
      "dev": true,
      "optional": true
    },
    "esbuild-sunos-64": {
      "version": "0.13.12",
      "resolved": "https://registry.npmjs.org/esbuild-sunos-64/-/esbuild-sunos-64-0.13.12.tgz",
      "integrity": "sha512-jBsF+e0woK3miKI8ufGWKG3o3rY9DpHvCVRn5eburMIIE+2c+y3IZ1srsthKyKI6kkXLvV4Cf/E7w56kLipMXw==",
      "dev": true,
      "optional": true
    },
    "esbuild-windows-32": {
      "version": "0.13.12",
      "resolved": "https://registry.npmjs.org/esbuild-windows-32/-/esbuild-windows-32-0.13.12.tgz",
      "integrity": "sha512-L9m4lLFQrFeR7F+eLZXG82SbXZfUhyfu6CexZEil6vm+lc7GDCE0Q8DiNutkpzjv1+RAbIGVva9muItQ7HVTkQ==",
      "dev": true,
      "optional": true
    },
    "esbuild-windows-64": {
      "version": "0.13.12",
      "resolved": "https://registry.npmjs.org/esbuild-windows-64/-/esbuild-windows-64-0.13.12.tgz",
      "integrity": "sha512-k4tX4uJlSbSkfs78W5d9+I9gpd+7N95W7H2bgOMFPsYREVJs31+Q2gLLHlsnlY95zBoPQMIzHooUIsixQIBjaQ==",
      "dev": true,
      "optional": true
    },
    "esbuild-windows-arm64": {
      "version": "0.13.12",
      "resolved": "https://registry.npmjs.org/esbuild-windows-arm64/-/esbuild-windows-arm64-0.13.12.tgz",
      "integrity": "sha512-2tTv/BpYRIvuwHpp2M960nG7uvL+d78LFW/ikPItO+2GfK51CswIKSetSpDii+cjz8e9iSPgs+BU4o8nWICBwQ==",
      "dev": true,
      "optional": true
    },
    "eventemitter3": {
      "version": "4.0.7",
      "resolved": "https://registry.npmjs.org/eventemitter3/-/eventemitter3-4.0.7.tgz",
      "integrity": "sha512-8guHBZCwKnFhYdHr2ysuRWErTwhoN2X8XELRlrRwpmfeY2jjuUN4taQMsULKUVo1K4DvZl+0pgfyoysHxvmvEw=="
    },
    "fsevents": {
      "version": "2.3.2",
      "resolved": "https://registry.npmjs.org/fsevents/-/fsevents-2.3.2.tgz",
      "integrity": "sha512-xiqMQR4xAeHTuB9uWm+fFRcIOgKBMiOBP+eXiyT7jsgVCq1bkVygt00oASowB7EdtpOHaaPgKt812P9ab+DDKA==",
      "dev": true,
      "optional": true
    },
    "function-bind": {
      "version": "1.1.1",
      "resolved": "https://registry.npmjs.org/function-bind/-/function-bind-1.1.1.tgz",
      "integrity": "sha512-yIovAzMX49sF8Yl58fSCWJ5svSLuaibPxXQJFLmBObTuCr0Mf1KiPopGM9NiFjiYBCbfaa2Fh6breQ6ANVTI0A==",
      "dev": true
    },
    "has": {
      "version": "1.0.3",
      "resolved": "https://registry.npmjs.org/has/-/has-1.0.3.tgz",
      "integrity": "sha512-f2dvO0VU6Oej7RkWJGrehjbzMAjFp5/VKPp5tTpWIV4JHHZK1/BxbFRtf/siA2SWTe09caDmVtYYzWEIbBS4zw==",
      "dev": true,
      "requires": {
        "function-bind": "^1.1.1"
      }
    },
    "inherits": {
      "version": "2.0.3",
      "resolved": "https://registry.npmjs.org/inherits/-/inherits-2.0.3.tgz",
      "integrity": "sha1-Yzwsg+PaQqUC9SRmAiSA9CCCYd4="
    },
    "is-core-module": {
      "version": "2.8.0",
      "resolved": "https://registry.npmjs.org/is-core-module/-/is-core-module-2.8.0.tgz",
      "integrity": "sha512-vd15qHsaqrRL7dtH6QNuy0ndJmRDrS9HAM1CAiSifNUFv4x1a0CCVsj18hJ1mShxIG6T2i1sO78MkP56r0nYRw==",
      "dev": true,
      "requires": {
        "has": "^1.0.3"
      }
    },
    "nanoid": {
      "version": "3.1.30",
      "resolved": "https://registry.npmjs.org/nanoid/-/nanoid-3.1.30.tgz",
      "integrity": "sha512-zJpuPDwOv8D2zq2WRoMe1HsfZthVewpel9CAvTfc/2mBD1uUT/agc5f7GHGWXlYkFvi1mVxe4IjvP2HNrop7nQ==",
      "dev": true
    },
    "orchestre-js": {
      "version": "2.0.3",
      "resolved": "https://registry.npmjs.org/orchestre-js/-/orchestre-js-2.0.3.tgz",
      "integrity": "sha512-nuaEkdYC0+SaVpJfWxn2kdSyglHlimCYGQh+XzXzi2y1uZbMbE7+bBVW9ZsNRIboFDo+E4xLDJRRfghMfDaxUQ=="
    },
    "path": {
      "version": "0.12.7",
      "resolved": "https://registry.npmjs.org/path/-/path-0.12.7.tgz",
      "integrity": "sha1-1NwqUGxM4hl+tIHr/NWzbAFAsQ8=",
      "requires": {
        "process": "^0.11.1",
        "util": "^0.10.3"
      }
    },
    "path-parse": {
      "version": "1.0.7",
      "resolved": "https://registry.npmjs.org/path-parse/-/path-parse-1.0.7.tgz",
      "integrity": "sha512-LDJzPVEEEPR+y48z93A0Ed0yXb8pAByGWo/k5YYdYgpY2/2EsOsksJrq7lOHxryrVOn1ejG6oAp8ahvOIQD8sw==",
      "dev": true
    },
    "phaser": {
      "version": "3.55.2",
      "resolved": "https://registry.npmjs.org/phaser/-/phaser-3.55.2.tgz",
      "integrity": "sha512-amKXsbb2Ht29dGPKvt1edq3yGGYKtq8373GpJYGKPNPnneYY6MtVTOgjHDuZwtmUyK4v86FugkT3hzW/N4tjxQ==",
      "requires": {
        "eventemitter3": "^4.0.7",
        "path": "^0.12.7"
      }
    },
    "picocolors": {
      "version": "1.0.0",
      "resolved": "https://registry.npmjs.org/picocolors/-/picocolors-1.0.0.tgz",
      "integrity": "sha512-1fygroTLlHu66zi26VoTDv8yRgm0Fccecssto+MhsZ0D/DGW2sm8E8AjW7NU5VVTRt5GxbeZ5qBuJr+HyLYkjQ==",
      "dev": true
    },
    "postcss": {
      "version": "8.3.11",
      "resolved": "https://registry.npmjs.org/postcss/-/postcss-8.3.11.tgz",
      "integrity": "sha512-hCmlUAIlUiav8Xdqw3Io4LcpA1DOt7h3LSTAC4G6JGHFFaWzI6qvFt9oilvl8BmkbBRX1IhM90ZAmpk68zccQA==",
      "dev": true,
      "requires": {
        "nanoid": "^3.1.30",
        "picocolors": "^1.0.0",
        "source-map-js": "^0.6.2"
      }
    },
    "process": {
      "version": "0.11.10",
      "resolved": "https://registry.npmjs.org/process/-/process-0.11.10.tgz",
      "integrity": "sha1-czIwDoQBYb2j5podHZGn1LwW8YI="
    },
    "regenerator-runtime": {
      "version": "0.13.9",
      "resolved": "https://registry.npmjs.org/regenerator-runtime/-/regenerator-runtime-0.13.9.tgz",
      "integrity": "sha512-p3VT+cOEgxFsRRA9X4lkI1E+k2/CtnKtU4gcxyaCUreilL/vqI6CdZ3wxVUx3UOUg+gnUOQQcRI7BmSI656MYA=="
    },
    "resolve": {
      "version": "1.20.0",
      "resolved": "https://registry.npmjs.org/resolve/-/resolve-1.20.0.tgz",
      "integrity": "sha512-wENBPt4ySzg4ybFQW2TT1zMQucPK95HSh/nq2CFTZVOGut2+pQvSsgtda4d26YrYcr067wjbmzOG8byDPBX63A==",
      "dev": true,
      "requires": {
        "is-core-module": "^2.2.0",
        "path-parse": "^1.0.6"
      }
    },
    "rollup": {
      "version": "2.59.0",
      "resolved": "https://registry.npmjs.org/rollup/-/rollup-2.59.0.tgz",
      "integrity": "sha512-l7s90JQhCQ6JyZjKgo7Lq1dKh2RxatOM+Jr6a9F7WbS9WgKbocyUSeLmZl8evAse7y96Ae98L2k1cBOwWD8nHw==",
      "dev": true,
      "requires": {
        "fsevents": "~2.3.2"
      }
    },
    "source-map-js": {
      "version": "0.6.2",
      "resolved": "https://registry.npmjs.org/source-map-js/-/source-map-js-0.6.2.tgz",
      "integrity": "sha512-/3GptzWzu0+0MBQFrDKzw/DvvMTUORvgY6k6jd/VS6iCR4RDTKWH6v6WPwQoUO8667uQEf9Oe38DxAYWY5F/Ug==",
      "dev": true
    },
    "standardized-audio-context": {
      "version": "25.3.14",
      "resolved": "https://registry.npmjs.org/standardized-audio-context/-/standardized-audio-context-25.3.14.tgz",
      "integrity": "sha512-MjceX0rGa6+n243mTkubOdc/8ycwaR9XoUNmhcEd+LLhjzYtJnOPUdNikIVEMgdpO05OILzq9LfUNDa7WGn5Cg==",
      "requires": {
        "@babel/runtime": "^7.16.0",
        "automation-events": "^4.0.9",
        "tslib": "^2.3.1"
      }
    },
    "tone": {
      "version": "14.7.77",
      "resolved": "https://registry.npmjs.org/tone/-/tone-14.7.77.tgz",
      "integrity": "sha512-tCfK73IkLHyzoKUvGq47gyDyxiKLFvKiVCOobynGgBB9Dl0NkxTM2p+eRJXyCYrjJwy9Y0XCMqD3uOYsYt2Fdg==",
      "requires": {
        "standardized-audio-context": "^25.1.8",
        "tslib": "^2.0.1"
      }
    },
    "tslib": {
      "version": "2.3.1",
      "resolved": "https://registry.npmjs.org/tslib/-/tslib-2.3.1.tgz",
      "integrity": "sha512-77EbyPPpMz+FRFRuAFlWMtmgUWGe9UOG2Z25NqCwiIjRhOf5iKGuzSe5P2w1laq+FkRy4p+PCuVkJSGkzTEKVw=="
    },
    "typescript": {
      "version": "4.4.4",
      "resolved": "https://registry.npmjs.org/typescript/-/typescript-4.4.4.tgz",
      "integrity": "sha512-DqGhF5IKoBl8WNf8C1gu8q0xZSInh9j1kJJMqT3a94w1JzVaBU4EXOSMrz9yDqMT0xt3selp83fuFMQ0uzv6qA==",
      "dev": true
    },
    "util": {
      "version": "0.10.4",
      "resolved": "https://registry.npmjs.org/util/-/util-0.10.4.tgz",
      "integrity": "sha512-0Pm9hTQ3se5ll1XihRic3FDIku70C+iHUdT/W926rSgHV5QgXsYbKZN8MSC3tJtSkhuROzvsQjAaFENRXr+19A==",
      "requires": {
        "inherits": "2.0.3"
      }
    },
    "vite": {
      "version": "2.6.13",
      "resolved": "https://registry.npmjs.org/vite/-/vite-2.6.13.tgz",
      "integrity": "sha512-+tGZ1OxozRirTudl4M3N3UTNJOlxdVo/qBl2IlDEy/ZpTFcskp+k5ncNjayR3bRYTCbqSOFz2JWGN1UmuDMScA==",
      "dev": true,
      "requires": {
        "esbuild": "^0.13.2",
        "fsevents": "~2.3.2",
        "postcss": "^8.3.8",
        "resolve": "^1.20.0",
        "rollup": "^2.57.0"
      }
    }
  }
}
